// !$*UTF8*$!
{
	archiveVersion = 1;
	classes = {
	};
	objectVersion = 46;
	objects = {

/* Begin PBXBuildFile section */
		74A85ED41E56B6310012D0C9 /* main.m in Sources */ = {isa = PBXBuildFile; fileRef = 74A85ED31E56B6310012D0C9 /* main.m */; };
		74A85ED71E56B6310012D0C9 /* AppDelegate.m in Sources */ = {isa = PBXBuildFile; fileRef = 74A85ED61E56B6310012D0C9 /* AppDelegate.m */; };
		74A85EDA1E56B6310012D0C9 /* ViewController.m in Sources */ = {isa = PBXBuildFile; fileRef = 74A85ED91E56B6310012D0C9 /* ViewController.m */; };
		74A85EDD1E56B6310012D0C9 /* Main.storyboard in Resources */ = {isa = PBXBuildFile; fileRef = 74A85EDB1E56B6310012D0C9 /* Main.storyboard */; };
		74A85EDF1E56B6310012D0C9 /* Assets.xcassets in Resources */ = {isa = PBXBuildFile; fileRef = 74A85EDE1E56B6310012D0C9 /* Assets.xcassets */; };
		74A85EE21E56B6310012D0C9 /* LaunchScreen.storyboard in Resources */ = {isa = PBXBuildFile; fileRef = 74A85EE01E56B6310012D0C9 /* LaunchScreen.storyboard */; };
		74A85EED1E56B6310012D0C9 /* CityChoose_masterTests.m in Sources */ = {isa = PBXBuildFile; fileRef = 74A85EEC1E56B6310012D0C9 /* CityChoose_masterTests.m */; };
		74A85EF81E56B6310012D0C9 /* CityChoose_masterUITests.m in Sources */ = {isa = PBXBuildFile; fileRef = 74A85EF71E56B6310012D0C9 /* CityChoose_masterUITests.m */; };
		74A85F081E56B6AB0012D0C9 /* CityChoose.m in Sources */ = {isa = PBXBuildFile; fileRef = 74A85F071E56B6AB0012D0C9 /* CityChoose.m */; };
		74A85F0A1E56B6BE0012D0C9 /* city.plist in Resources */ = {isa = PBXBuildFile; fileRef = 74A85F091E56B6BE0012D0C9 /* city.plist */; };
/* End PBXBuildFile section */

/* Begin PBXContainerItemProxy section */
		74A85EE91E56B6310012D0C9 /* PBXContainerItemProxy */ = {
			isa = PBXContainerItemProxy;
			containerPortal = 74A85EC71E56B6310012D0C9 /* Project object */;
			proxyType = 1;
			remoteGlobalIDString = 74A85ECE1E56B6310012D0C9;
			remoteInfo = "CityChoose-master";
		};
		74A85EF41E56B6310012D0C9 /* PBXContainerItemProxy */ = {
			isa = PBXContainerItemProxy;
			containerPortal = 74A85EC71E56B6310012D0C9 /* Project object */;
			proxyType = 1;
			remoteGlobalIDString = 74A85ECE1E56B6310012D0C9;
			remoteInfo = "CityChoose-master";
		};
/* End PBXContainerItemProxy section */

/* Begin PBXFileReference section */
		74A85ECF1E56B6310012D0C9 /* CityChoose-master.app */ = {isa = PBXFileReference; explicitFileType = wrapper.application; includeInIndex = 0; path = "CityChoose-master.app"; sourceTree = BUILT_PRODUCTS_DIR; };
		74A85ED31E56B6310012D0C9 /* main.m */ = {isa = PBXFileReference; lastKnownFileType = sourcecode.c.objc; path = main.m; sourceTree = "<group>"; };
		74A85ED51E56B6310012D0C9 /* AppDelegate.h */ = {isa = PBXFileReference; lastKnownFileType = sourcecode.c.h; path = AppDelegate.h; sourceTree = "<group>"; };
		74A85ED61E56B6310012D0C9 /* AppDelegate.m */ = {isa = PBXFileReference; lastKnownFileType = sourcecode.c.objc; path = AppDelegate.m; sourceTree = "<group>"; };
		74A85ED81E56B6310012D0C9 /* ViewController.h */ = {isa = PBXFileReference; lastKnownFileType = sourcecode.c.h; path = ViewController.h; sourceTree = "<group>"; };
		74A85ED91E56B6310012D0C9 /* ViewController.m */ = {isa = PBXFileReference; lastKnownFileType = sourcecode.c.objc; path = ViewController.m; sourceTree = "<group>"; };
		74A85EDC1E56B6310012D0C9 /* Base */ = {isa = PBXFileReference; lastKnownFileType = file.storyboard; name = Base; path = Base.lproj/Main.storyboard; sourceTree = "<group>"; };
		74A85EDE1E56B6310012D0C9 /* Assets.xcassets */ = {isa = PBXFileReference; lastKnownFileType = folder.assetcatalog; path = Assets.xcassets; sourceTree = "<group>"; };
		74A85EE11E56B6310012D0C9 /* Base */ = {isa = PBXFileReference; lastKnownFileType = file.storyboard; name = Base; path = Base.lproj/LaunchScreen.storyboard; sourceTree = "<group>"; };
		74A85EE31E56B6310012D0C9 /* Info.plist */ = {isa = PBXFileReference; lastKnownFileType = text.plist.xml; path = Info.plist; sourceTree = "<group>"; };
		74A85EE81E56B6310012D0C9 /* CityChoose-masterTests.xctest */ = {isa = PBXFileReference; explicitFileType = wrapper.cfbundle; includeInIndex = 0; path = "CityChoose-masterTests.xctest"; sourceTree = BUILT_PRODUCTS_DIR; };
		74A85EEC1E56B6310012D0C9 /* CityChoose_masterTests.m */ = {isa = PBXFileReference; lastKnownFileType = sourcecode.c.objc; path = CityChoose_masterTests.m; sourceTree = "<group>"; };
		74A85EEE1E56B6310012D0C9 /* Info.plist */ = {isa = PBXFileReference; lastKnownFileType = text.plist.xml; path = Info.plist; sourceTree = "<group>"; };
		74A85EF31E56B6310012D0C9 /* CityChoose-masterUITests.xctest */ = {isa = PBXFileReference; explicitFileType = wrapper.cfbundle; includeInIndex = 0; path = "CityChoose-masterUITests.xctest"; sourceTree = BUILT_PRODUCTS_DIR; };
		74A85EF71E56B6310012D0C9 /* CityChoose_masterUITests.m */ = {isa = PBXFileReference; lastKnownFileType = sourcecode.c.objc; path = CityChoose_masterUITests.m; sourceTree = "<group>"; };
		74A85EF91E56B6310012D0C9 /* Info.plist */ = {isa = PBXFileReference; lastKnownFileType = text.plist.xml; path = Info.plist; sourceTree = "<group>"; };
		74A85F061E56B6AB0012D0C9 /* CityChoose.h */ = {isa = PBXFileReference; fileEncoding = 4; lastKnownFileType = sourcecode.c.h; path = CityChoose.h; sourceTree = "<group>"; };
		74A85F071E56B6AB0012D0C9 /* CityChoose.m */ = {isa = PBXFileReference; fileEncoding = 4; lastKnownFileType = sourcecode.c.objc; path = CityChoose.m; sourceTree = "<group>"; };
		74A85F091E56B6BE0012D0C9 /* city.plist */ = {isa = PBXFileReference; fileEncoding = 4; lastKnownFileType = text.plist.xml; path = city.plist; sourceTree = "<group>"; };
/* End PBXFileReference section */

/* Begin PBXFrameworksBuildPhase section */
		74A85ECC1E56B6310012D0C9 /* Frameworks */ = {
			isa = PBXFrameworksBuildPhase;
			buildActionMask = 2147483647;
			files = (
			);
			runOnlyForDeploymentPostprocessing = 0;
		};
		74A85EE51E56B6310012D0C9 /* Frameworks */ = {
			isa = PBXFrameworksBuildPhase;
			buildActionMask = 2147483647;
			files = (
			);
			runOnlyForDeploymentPostprocessing = 0;
		};
		74A85EF01E56B6310012D0C9 /* Frameworks */ = {
			isa = PBXFrameworksBuildPhase;
			buildActionMask = 2147483647;
			files = (
			);
			runOnlyForDeploymentPostprocessing = 0;
		};
/* End PBXFrameworksBuildPhase section */

/* Begin PBXGroup section */
		74A85EC61E56B6310012D0C9 = {
			isa = PBXGroup;
			children = (
				74A85ED11E56B6310012D0C9 /* CityChoose-master */,
				74A85EEB1E56B6310012D0C9 /* CityChoose-masterTests */,
				74A85EF61E56B6310012D0C9 /* CityChoose-masterUITests */,
				74A85ED01E56B6310012D0C9 /* Products */,
			);
			sourceTree = "<group>";
		};
		74A85ED01E56B6310012D0C9 /* Products */ = {
			isa = PBXGroup;
			children = (
				74A85ECF1E56B6310012D0C9 /* CityChoose-master.app */,
				74A85EE81E56B6310012D0C9 /* CityChoose-masterTests.xctest */,
				74A85EF31E56B6310012D0C9 /* CityChoose-masterUITests.xctest */,
			);
			name = Products;
			sourceTree = "<group>";
		};
		74A85ED11E56B6310012D0C9 /* CityChoose-master */ = {
			isa = PBXGroup;
			children = (
				74A85F051E56B67E0012D0C9 /* CItyChooseView */,
				74A85ED51E56B6310012D0C9 /* AppDelegate.h */,
				74A85ED61E56B6310012D0C9 /* AppDelegate.m */,
				74A85ED81E56B6310012D0C9 /* ViewController.h */,
				74A85ED91E56B6310012D0C9 /* ViewController.m */,
				74A85EDB1E56B6310012D0C9 /* Main.storyboard */,
				74A85EDE1E56B6310012D0C9 /* Assets.xcassets */,
				74A85EE01E56B6310012D0C9 /* LaunchScreen.storyboard */,
				74A85EE31E56B6310012D0C9 /* Info.plist */,
				74A85ED21E56B6310012D0C9 /* Supporting Files */,
			);
			path = "CityChoose-master";
			sourceTree = "<group>";
		};
		74A85ED21E56B6310012D0C9 /* Supporting Files */ = {
			isa = PBXGroup;
			children = (
				74A85ED31E56B6310012D0C9 /* main.m */,
			);
			name = "Supporting Files";
			sourceTree = "<group>";
		};
		74A85EEB1E56B6310012D0C9 /* CityChoose-masterTests */ = {
			isa = PBXGroup;
			children = (
				74A85EEC1E56B6310012D0C9 /* CityChoose_masterTests.m */,
				74A85EEE1E56B6310012D0C9 /* Info.plist */,
			);
			path = "CityChoose-masterTests";
			sourceTree = "<group>";
		};
		74A85EF61E56B6310012D0C9 /* CityChoose-masterUITests */ = {
			isa = PBXGroup;
			children = (
				74A85EF71E56B6310012D0C9 /* CityChoose_masterUITests.m */,
				74A85EF91E56B6310012D0C9 /* Info.plist */,
			);
			path = "CityChoose-masterUITests";
			sourceTree = "<group>";
		};
		74A85F051E56B67E0012D0C9 /* CItyChooseView */ = {
			isa = PBXGroup;
			children = (
				74A85F091E56B6BE0012D0C9 /* city.plist */,
				74A85F061E56B6AB0012D0C9 /* CityChoose.h */,
				74A85F071E56B6AB0012D0C9 /* CityChoose.m */,
			);
			name = CItyChooseView;
			sourceTree = "<group>";
		};
/* End PBXGroup section */

/* Begin PBXNativeTarget section */
		74A85ECE1E56B6310012D0C9 /* CityChoose-master */ = {
			isa = PBXNativeTarget;
			buildConfigurationList = 74A85EFC1E56B6310012D0C9 /* Build configuration list for PBXNativeTarget "CityChoose-master" */;
			buildPhases = (
				74A85ECB1E56B6310012D0C9 /* Sources */,
				74A85ECC1E56B6310012D0C9 /* Frameworks */,
				74A85ECD1E56B6310012D0C9 /* Resources */,
			);
			buildRules = (
			);
			dependencies = (
			);
			name = "CityChoose-master";
			productName = "CityChoose-master";
			productReference = 74A85ECF1E56B6310012D0C9 /* CityChoose-master.app */;
			productType = "com.apple.product-type.application";
		};
		74A85EE71E56B6310012D0C9 /* CityChoose-masterTests */ = {
			isa = PBXNativeTarget;
			buildConfigurationList = 74A85EFF1E56B6310012D0C9 /* Build configuration list for PBXNativeTarget "CityChoose-masterTests" */;
			buildPhases = (
				74A85EE41E56B6310012D0C9 /* Sources */,
				74A85EE51E56B6310012D0C9 /* Frameworks */,
				74A85EE61E56B6310012D0C9 /* Resources */,
			);
			buildRules = (
			);
			dependencies = (
				74A85EEA1E56B6310012D0C9 /* PBXTargetDependency */,
			);
			name = "CityChoose-masterTests";
			productName = "CityChoose-masterTests";
			productReference = 74A85EE81E56B6310012D0C9 /* CityChoose-masterTests.xctest */;
			productType = "com.apple.product-type.bundle.unit-test";
		};
		74A85EF21E56B6310012D0C9 /* CityChoose-masterUITests */ = {
			isa = PBXNativeTarget;
			buildConfigurationList = 74A85F021E56B6310012D0C9 /* Build configuration list for PBXNativeTarget "CityChoose-masterUITests" */;
			buildPhases = (
				74A85EEF1E56B6310012D0C9 /* Sources */,
				74A85EF01E56B6310012D0C9 /* Frameworks */,
				74A85EF11E56B6310012D0C9 /* Resources */,
			);
			buildRules = (
			);
			dependencies = (
				74A85EF51E56B6310012D0C9 /* PBXTargetDependency */,
			);
			name = "CityChoose-masterUITests";
			productName = "CityChoose-masterUITests";
			productReference = 74A85EF31E56B6310012D0C9 /* CityChoose-masterUITests.xctest */;
			productType = "com.apple.product-type.bundle.ui-testing";
		};
/* End PBXNativeTarget section */

/* Begin PBXProject section */
		74A85EC71E56B6310012D0C9 /* Project object */ = {
			isa = PBXProject;
			attributes = {
				LastUpgradeCheck = 0730;
				ORGANIZATIONNAME = "纵昂";
				TargetAttributes = {
					74A85ECE1E56B6310012D0C9 = {
						CreatedOnToolsVersion = 7.3.1;
					};
					74A85EE71E56B6310012D0C9 = {
						CreatedOnToolsVersion = 7.3.1;
						TestTargetID = 74A85ECE1E56B6310012D0C9;
					};
					74A85EF21E56B6310012D0C9 = {
						CreatedOnToolsVersion = 7.3.1;
						TestTargetID = 74A85ECE1E56B6310012D0C9;
					};
				};
			};
			buildConfigurationList = 74A85ECA1E56B6310012D0C9 /* Build configuration list for PBXProject "CityChoose-master" */;
			compatibilityVersion = "Xcode 3.2";
			developmentRegion = English;
			hasScannedForEncodings = 0;
			knownRegions = (
				en,
				Base,
			);
			mainGroup = 74A85EC61E56B6310012D0C9;
			productRefGroup = 74A85ED01E56B6310012D0C9 /* Products */;
			projectDirPath = "";
			projectRoot = "";
			targets = (
				74A85ECE1E56B6310012D0C9 /* CityChoose-master */,
				74A85EE71E56B6310012D0C9 /* CityChoose-masterTests */,
				74A85EF21E56B6310012D0C9 /* CityChoose-masterUITests */,
			);
		};
/* End PBXProject section */

/* Begin PBXResourcesBuildPhase section */
		74A85ECD1E56B6310012D0C9 /* Resources */ = {
			isa = PBXResourcesBuildPhase;
			buildActionMask = 2147483647;
			files = (
				74A85EE21E56B6310012D0C9 /* LaunchScreen.storyboard in Resources */,
				74A85F0A1E56B6BE0012D0C9 /* city.plist in Resources */,
				74A85EDF1E56B6310012D0C9 /* Assets.xcassets in Resources */,
				74A85EDD1E56B6310012D0C9 /* Main.storyboard in Resources */,
			);
			runOnlyForDeploymentPostprocessing = 0;
		};
		74A85EE61E56B6310012D0C9 /* Resources */ = {
			isa = PBXResourcesBuildPhase;
			buildActionMask = 2147483647;
			files = (
			);
			runOnlyForDeploymentPostprocessing = 0;
		};
		74A85EF11E56B6310012D0C9 /* Resources */ = {
			isa = PBXResourcesBuildPhase;
			buildActionMask = 2147483647;
			files = (
			);
			runOnlyForDeploymentPostprocessing = 0;
		};
/* End PBXResourcesBuildPhase section */

/* Begin PBXSourcesBuildPhase section */
		74A85ECB1E56B6310012D0C9 /* Sources */ = {
			isa = PBXSourcesBuildPhase;
			buildActionMask = 2147483647;
			files = (
				74A85EDA1E56B6310012D0C9 /* ViewController.m in Sources */,
				74A85F081E56B6AB0012D0C9 /* CityChoose.m in Sources */,
				74A85ED71E56B6310012D0C9 /* AppDelegate.m in Sources */,
				74A85ED41E56B6310012D0C9 /* main.m in Sources */,
			);
			runOnlyForDeploymentPostprocessing = 0;
		};
		74A85EE41E56B6310012D0C9 /* Sources */ = {
			isa = PBXSourcesBuildPhase;
			buildActionMask = 2147483647;
			files = (
				74A85EED1E56B6310012D0C9 /* CityChoose_masterTests.m in Sources */,
			);
			runOnlyForDeploymentPostprocessing = 0;
		};
		74A85EEF1E56B6310012D0C9 /* Sources */ = {
			isa = PBXSourcesBuildPhase;
			buildActionMask = 2147483647;
			files = (
				74A85EF81E56B6310012D0C9 /* CityChoose_masterUITests.m in Sources */,
			);
			runOnlyForDeploymentPostprocessing = 0;
		};
/* End PBXSourcesBuildPhase section */

/* Begin PBXTargetDependency section */
		74A85EEA1E56B6310012D0C9 /* PBXTargetDependency */ = {
			isa = PBXTargetDependency;
			target = 74A85ECE1E56B6310012D0C9 /* CityChoose-master */;
			targetProxy = 74A85EE91E56B6310012D0C9 /* PBXContainerItemProxy */;
		};
		74A85EF51E56B6310012D0C9 /* PBXTargetDependency */ = {
			isa = PBXTargetDependency;
			target = 74A85ECE1E56B6310012D0C9 /* CityChoose-master */;
			targetProxy = 74A85EF41E56B6310012D0C9 /* PBXContainerItemProxy */;
		};
/* End PBXTargetDependency section */

/* Begin PBXVariantGroup section */
		74A85EDB1E56B6310012D0C9 /* Main.storyboard */ = {
			isa = PBXVariantGroup;
			children = (
				74A85EDC1E56B6310012D0C9 /* Base */,
			);
			name = Main.storyboard;
			sourceTree = "<group>";
		};
		74A85EE01E56B6310012D0C9 /* LaunchScreen.storyboard */ = {
			isa = PBXVariantGroup;
			children = (
				74A85EE11E56B6310012D0C9 /* Base */,
			);
			name = LaunchScreen.storyboard;
			sourceTree = "<group>";
		};
/* End PBXVariantGroup section */

/* Begin XCBuildConfiguration section */
		74A85EFA1E56B6310012D0C9 /* Debug */ = {
			isa = XCBuildConfiguration;
			buildSettings = {
				ALWAYS_SEARCH_USER_PATHS = NO;
				CLANG_ANALYZER_NONNULL = YES;
				CLANG_CXX_LANGUAGE_STANDARD = "gnu++0x";
				CLANG_CXX_LIBRARY = "libc++";
				CLANG_ENABLE_MODULES = YES;
				CLANG_ENABLE_OBJC_ARC = YES;
				CLANG_WARN_BOOL_CONVERSION = YES;
				CLANG_WARN_CONSTANT_CONVERSION = YES;
				CLANG_WARN_DIRECT_OBJC_ISA_USAGE = YES_ERROR;
				CLANG_WARN_EMPTY_BODY = YES;
				CLANG_WARN_ENUM_CONVERSION = YES;
				CLANG_WARN_INT_CONVERSION = YES;
				CLANG_WARN_OBJC_ROOT_CLASS = YES_ERROR;
				CLANG_WARN_UNREACHABLE_CODE = YES;
				CLANG_WARN__DUPLICATE_METHOD_MATCH = YES;
				"CODE_SIGN_IDENTITY[sdk=iphoneos*]" = "iPhone Developer";
				COPY_PHASE_STRIP = NO;
				DEBUG_INFORMATION_FORMAT = dwarf;
				ENABLE_STRICT_OBJC_MSGSEND = YES;
				ENABLE_TESTABILITY = YES;
				GCC_C_LANGUAGE_STANDARD = gnu99;
				GCC_DYNAMIC_NO_PIC = NO;
				GCC_NO_COMMON_BLOCKS = YES;
				GCC_OPTIMIZATION_LEVEL = 0;
				GCC_PREPROCESSOR_DEFINITIONS = (
					"DEBUG=1",
					"$(inherited)",
				);
				GCC_WARN_64_TO_32_BIT_CONVERSION = YES;
				GCC_WARN_ABOUT_RETURN_TYPE = YES_ERROR;
				GCC_WARN_UNDECLARED_SELECTOR = YES;
				GCC_WARN_UNINITIALIZED_AUTOS = YES_AGGRESSIVE;
				GCC_WARN_UNUSED_FUNCTION = YES;
				GCC_WARN_UNUSED_VARIABLE = YES;
				IPHONEOS_DEPLOYMENT_TARGET = 9.3;
				MTL_ENABLE_DEBUG_INFO = YES;
				ONLY_ACTIVE_ARCH = YES;
				SDKROOT = iphoneos;
				TARGETED_DEVICE_FAMILY = "1,2";
			};
			name = Debug;
		};
		74A85EFB1E56B6310012D0C9 /* Release */ = {
			isa = XCBuildConfiguration;
			buildSettings = {
				ALWAYS_SEARCH_USER_PATHS = NO;
				CLANG_ANALYZER_NONNULL = YES;
				CLANG_CXX_LANGUAGE_STANDARD = "gnu++0x";
				CLANG_CXX_LIBRARY = "libc++";
				CLANG_ENABLE_MODULES = YES;
				CLANG_ENABLE_OBJC_ARC = YES;
				CLANG_WARN_BOOL_CONVERSION = YES;
				CLANG_WARN_CONSTANT_CONVERSION = YES;
				CLANG_WARN_DIRECT_OBJC_ISA_USAGE = YES_ERROR;
				CLANG_WARN_EMPTY_BODY = YES;
				CLANG_WARN_ENUM_CONVERSION = YES;
				CLANG_WARN_INT_CONVERSION = YES;
				CLANG_WARN_OBJC_ROOT_CLASS = YES_ERROR;
				CLANG_WARN_UNREACHABLE_CODE = YES;
				CLANG_WARN__DUPLICATE_METHOD_MATCH = YES;
				"CODE_SIGN_IDENTITY[sdk=iphoneos*]" = "iPhone Developer";
				COPY_PHASE_STRIP = NO;
				DEBUG_INFORMATION_FORMAT = "dwarf-with-dsym";
				ENABLE_NS_ASSERTIONS = NO;
				ENABLE_STRICT_OBJC_MSGSEND = YES;
				GCC_C_LANGUAGE_STANDARD = gnu99;
				GCC_NO_COMMON_BLOCKS = YES;
				GCC_WARN_64_TO_32_BIT_CONVERSION = YES;
				GCC_WARN_ABOUT_RETURN_TYPE = YES_ERROR;
				GCC_WARN_UNDECLARED_SELECTOR = YES;
				GCC_WARN_UNINITIALIZED_AUTOS = YES_AGGRESSIVE;
				GCC_WARN_UNUSED_FUNCTION = YES;
				GCC_WARN_UNUSED_VARIABLE = YES;
				IPHONEOS_DEPLOYMENT_TARGET = 9.3;
				MTL_ENABLE_DEBUG_INFO = NO;
				SDKROOT = iphoneos;
				TARGETED_DEVICE_FAMILY = "1,2";
				VALIDATE_PRODUCT = YES;
			};
			name = Release;
		};
		74A85EFD1E56B6310012D0C9 /* Debug */ = {
			isa = XCBuildConfiguration;
			buildSettings = {
				ASSETCATALOG_COMPILER_APPICON_NAME = AppIcon;
				INFOPLIST_FILE = "CityChoose-master/Info.plist";
				LD_RUNPATH_SEARCH_PATHS = "$(inherited) @executable_path/Frameworks";
				PRODUCT_BUNDLE_IDENTIFIER = "-23.CityChoose-master";
				PRODUCT_NAME = "$(TARGET_NAME)";
			};
			name = Debug;
		};
		74A85EFE1E56B6310012D0C9 /* Release */ = {
			isa = XCBuildConfiguration;
			buildSettings = {
				ASSETCATALOG_COMPILER_APPICON_NAME = AppIcon;
				INFOPLIST_FILE = "CityChoose-master/Info.plist";
				LD_RUNPATH_SEARCH_PATHS = "$(inherited) @executable_path/Frameworks";
				PRODUCT_BUNDLE_IDENTIFIER = "-23.CityChoose-master";
				PRODUCT_NAME = "$(TARGET_NAME)";
			};
			name = Release;
		};
		74A85F001E56B6310012D0C9 /* Debug */ = {
			isa = XCBuildConfiguration;
			buildSettings = {
				BUNDLE_LOADER = "$(TEST_HOST)";
				INFOPLIST_FILE = "CityChoose-masterTests/Info.plist";
				LD_RUNPATH_SEARCH_PATHS = "$(inherited) @executable_path/Frameworks @loader_path/Frameworks";
				PRODUCT_BUNDLE_IDENTIFIER = "-23.CityChoose-masterTests";
				PRODUCT_NAME = "$(TARGET_NAME)";
				TEST_HOST = "$(BUILT_PRODUCTS_DIR)/CityChoose-master.app/CityChoose-master";
			};
			name = Debug;
		};
		74A85F011E56B6310012D0C9 /* Release */ = {
			isa = XCBuildConfiguration;
			buildSettings = {
				BUNDLE_LOADER = "$(TEST_HOST)";
				INFOPLIST_FILE = "CityChoose-masterTests/Info.plist";
				LD_RUNPATH_SEARCH_PATHS = "$(inherited) @executable_path/Frameworks @loader_path/Frameworks";
				PRODUCT_BUNDLE_IDENTIFIER = "-23.CityChoose-masterTests";
				PRODUCT_NAME = "$(TARGET_NAME)";
				TEST_HOST = "$(BUILT_PRODUCTS_DIR)/CityChoose-master.app/CityChoose-master";
			};
			name = Release;
		};
		74A85F031E56B6310012D0C9 /* Debug */ = {
			isa = XCBuildConfiguration;
			buildSettings = {
				INFOPLIST_FILE = "CityChoose-masterUITests/Info.plist";
				LD_RUNPATH_SEARCH_PATHS = "$(inherited) @executable_path/Frameworks @loader_path/Frameworks";
				PRODUCT_BUNDLE_IDENTIFIER = "-23.CityChoose-masterUITests";
				PRODUCT_NAME = "$(TARGET_NAME)";
				TEST_TARGET_NAME = "CityChoose-master";
			};
			name = Debug;
		};
		74A85F041E56B6310012D0C9 /* Release */ = {
			isa = XCBuildConfiguration;
			buildSettings = {
				INFOPLIST_FILE = "CityChoose-masterUITests/Info.plist";
				LD_RUNPATH_SEARCH_PATHS = "$(inherited) @executable_path/Frameworks @loader_path/Frameworks";
				PRODUCT_BUNDLE_IDENTIFIER = "-23.CityChoose-masterUITests";
				PRODUCT_NAME = "$(TARGET_NAME)";
				TEST_TARGET_NAME = "CityChoose-master";
			};
			name = Release;
		};
/* End XCBuildConfiguration section */

/* Begin XCConfigurationList section */
		74A85ECA1E56B6310012D0C9 /* Build configuration list for PBXProject "CityChoose-master" */ = {
			isa = XCConfigurationList;
			buildConfigurations = (
				74A85EFA1E56B6310012D0C9 /* Debug */,
				74A85EFB1E56B6310012D0C9 /* Release */,
			);
			defaultConfigurationIsVisible = 0;
			defaultConfigurationName = Release;
		};
		74A85EFC1E56B6310012D0C9 /* Build configuration list for PBXNativeTarget "CityChoose-master" */ = {
			isa = XCConfigurationList;
			buildConfigurations = (
				74A85EFD1E56B6310012D0C9 /* Debug */,
				74A85EFE1E56B6310012D0C9 /* Release */,
			);
			defaultConfigurationIsVisible = 0;
		};
		74A85EFF1E56B6310012D0C9 /* Build configuration list for PBXNativeTarget "CityChoose-masterTests" */ = {
			isa = XCConfigurationList;
			buildConfigurations = (
				74A85F001E56B6310012D0C9 /* Debug */,
				74A85F011E56B6310012D0C9 /* Release */,
			);
			defaultConfigurationIsVisible = 0;
		};
		74A85F021E56B6310012D0C9 /* Build configuration list for PBXNativeTarget "CityChoose-masterUITests" */ = {
			isa = XCConfigurationList;
			buildConfigurations = (
				74A85F031E56B6310012D0C9 /* Debug */,
				74A85F041E56B6310012D0C9 /* Release */,
			);
			defaultConfigurationIsVisible = 0;
		};
/* End XCConfigurationList section */
	};
	rootObject = 74A85EC71E56B6310012D0C9 /* Project object */;
}
